
Microsoft Visual Studio Solution File, Format Version 12.00
# Visual Studio 15
VisualStudioVersion = 15.0.28307.168
MinimumVisualStudioVersion = 10.0.40219.1
Project("{FAE04EC0-301F-11D3-BF4B-00C04F79EFBC}") = "ClothingStore", "ClothingStore\ClothingStore.csproj", "{A09D6BD7-D995-4490-9C6D-F4A197FA464B}"
EndProject
Project("{FAE04EC0-301F-11D3-BF4B-00C04F79EFBC}") = "ClothingStore.Data", "ClothingStore.Data\ClothingStore.Data.csproj", "{D1EEDD57-A289-4961-B078-5A5C8669611C}"
EndProject
Project("{FAE04EC0-301F-11D3-BF4B-00C04F79EFBC}") = "ClothingStore.Core", "ClothingStore.Core\ClothingStore.Core.csproj", "{B329ABE2-37BF-4D6D-AEE6-D12CD19E2DB4}"
EndProject
Global
	GlobalSection(SolutionConfigurationPlatforms) = preSolution
		Debug|Any CPU = Debug|Any CPU
		Release|Any CPU = Release|Any CPU
	EndGlobalSection
	GlobalSection(ProjectConfigurationPlatforms) = postSolution
		{A09D6BD7-D995-4490-9C6D-F4A197FA464B}.Debug|Any CPU.ActiveCfg = Debug|Any CPU
		{A09D6BD7-D995-4490-9C6D-F4A197FA464B}.Debug|Any CPU.Build.0 = Debug|Any CPU
		{A09D6BD7-D995-4490-9C6D-F4A197FA464B}.Release|Any CPU.ActiveCfg = Release|Any CPU
		{A09D6BD7-D995-4490-9C6D-F4A197FA464B}.Release|Any CPU.Build.0 = Release|Any CPU
		{D1EEDD57-A289-4961-B078-5A5C8669611C}.Debug|Any CPU.ActiveCfg = Debug|Any CPU
		{D1EEDD57-A289-4961-B078-5A5C8669611C}.Debug|Any CPU.Build.0 = Debug|Any CPU
		{D1EEDD57-A289-4961-B078-5A5C8669611C}.Release|Any CPU.ActiveCfg = Release|Any CPU
		{D1EEDD57-A289-4961-B078-5A5C8669611C}.Release|Any CPU.Build.0 = Release|Any CPU
		{B329ABE2-37BF-4D6D-AEE6-D12CD19E2DB4}.Debug|Any CPU.ActiveCfg = Debug|Any CPU
		{B329ABE2-37BF-4D6D-AEE6-D12CD19E2DB4}.Debug|Any CPU.Build.0 = Debug|Any CPU
		{B329ABE2-37BF-4D6D-AEE6-D12CD19E2DB4}.Release|Any CPU.ActiveCfg = Release|Any CPU
		{B329ABE2-37BF-4D6D-AEE6-D12CD19E2DB4}.Release|Any CPU.Build.0 = Release|Any CPU
	EndGlobalSection
	GlobalSection(SolutionProperties) = preSolution
		HideSolutionNode = FALSE
	EndGlobalSection
	GlobalSection(ExtensibilityGlobals) = postSolution
		SolutionGuid = {D70E9A94-605B-47F9-B9F9-DE36C37227AD}
	EndGlobalSection
EndGlobal
